Microsoft Visual Studio Solution File, Format Version 8.00
Project("{FAE04EC0-301F-11D3-BF4B-00C04F79EFBC}") = "EventReader", "EventReader.csproj", "{F2077FE0-A3AE-4AF6-A546-16ACD5C00CA6}"
	ProjectSection(ProjectDependencies) = postProject
	EndProjectSection
EndProject
Global
	GlobalSection(SolutionConfiguration) = preSolution
		Debug = Debug
		Release = Release
	EndGlobalSection
	GlobalSection(ProjectConfiguration) = postSolution
		{F2077FE0-A3AE-4AF6-A546-16ACD5C00CA6}.Debug.ActiveCfg = Debug|.NET
		{F2077FE0-A3AE-4AF6-A546-16ACD5C00CA6}.Debug.Build.0 = Debug|.NET
		{F2077FE0-A3AE-4AF6-A546-16ACD5C00CA6}.Release.ActiveCfg = Release|.NET
		{F2077FE0-A3AE-4AF6-A546-16ACD5C00CA6}.Release.Build.0 = Release|.NET
	EndGlobalSection
	GlobalSection(ExtensibilityGlobals) = postSolution
	EndGlobalSection
	GlobalSection(ExtensibilityAddIns) = postSolution
	EndGlobalSection
EndGlobal
